
Microsoft Visual Studio Solution File, Format Version 12.00
# Visual Studio 15
VisualStudioVersion = 15.0.27428.2037
MinimumVisualStudioVersion = 10.0.40219.1
Project("{FAE04EC0-301F-11D3-BF4B-00C04F79EFBC}") = "DemoClock", "DemoClock\DemoClock.csproj", "{D9944DD8-C5A7-4632-8952-D92C11AB91AD}"
EndProject
Global
	GlobalSection(SolutionConfigurationPlatforms) = preSolution
		Debug|Any CPU = Debug|Any CPU
		Release|Any CPU = Release|Any CPU
	EndGlobalSection
	GlobalSection(ProjectConfigurationPlatforms) = postSolution
		{D9944DD8-C5A7-4632-8952-D92C11AB91AD}.Debug|Any CPU.ActiveCfg = Debug|Any CPU
		{D9944DD8-C5A7-4632-8952-D92C11AB91AD}.Debug|Any CPU.Build.0 = Debug|Any CPU
		{D9944DD8-C5A7-4632-8952-D92C11AB91AD}.Release|Any CPU.ActiveCfg = Release|Any CPU
		{D9944DD8-C5A7-4632-8952-D92C11AB91AD}.Release|Any CPU.Build.0 = Release|Any CPU
	EndGlobalSection
	GlobalSection(SolutionProperties) = preSolution
		HideSolutionNode = FALSE
	EndGlobalSection
	GlobalSection(ExtensibilityGlobals) = postSolution
		SolutionGuid = {6CA8B613-5959-48B4-B7D6-F4C6A9AAA8F5}
	EndGlobalSection
EndGlobal
